#
# This file is autogenerated by pip-compile with Python 3.12
# by the following command:
#
#    pip-compile --generate-hashes --output-file=requirements.lock requirements.txt
#
black==24.3.0 \
    --hash=sha256:2818cf72dfd5d289e48f37ccfa08b460bf469e67fb7c4abb07edc2e9f16fb63f \
    --hash=sha256:41622020d7120e01d377f74249e677039d20e6344ff5851de8a10f11f513bf93 \
    --hash=sha256:4acf672def7eb1725f41f38bf6bf425c8237248bb0804faa3965c036f7672d11 \
    --hash=sha256:4be5bb28e090456adfc1255e03967fb67ca846a03be7aadf6249096100ee32d0 \
    --hash=sha256:4f1373a7808a8f135b774039f61d59e4be7eb56b2513d3d2f02a8b9365b8a8a9 \
    --hash=sha256:56f52cfbd3dabe2798d76dbdd299faa046a901041faf2cf33288bc4e6dae57b5 \
    --hash=sha256:65b76c275e4c1c5ce6e9870911384bff5ca31ab63d19c76811cb1fb162678213 \
    --hash=sha256:65c02e4ea2ae09d16314d30912a58ada9a5c4fdfedf9512d23326128ac08ac3d \
    --hash=sha256:6905238a754ceb7788a73f02b45637d820b2f5478b20fec82ea865e4f5d4d9f7 \
    --hash=sha256:79dcf34b33e38ed1b17434693763301d7ccbd1c5860674a8f871bd15139e7837 \
    --hash=sha256:7bb041dca0d784697af4646d3b62ba4a6b028276ae878e53f6b4f74ddd6db99f \
    --hash=sha256:7d5e026f8da0322b5662fa7a8e752b3fa2dac1c1cbc213c3d7ff9bdd0ab12395 \
    --hash=sha256:9f50ea1132e2189d8dff0115ab75b65590a3e97de1e143795adb4ce317934995 \
    --hash=sha256:a0c9c4a0771afc6919578cec71ce82a3e31e054904e7197deacbc9382671c41f \
    --hash=sha256:aadf7a02d947936ee418777e0247ea114f78aff0d0959461057cae8a04f20597 \
    --hash=sha256:b5991d523eee14756f3c8d5df5231550ae8993e2286b8014e2fdea7156ed0959 \
    --hash=sha256:bf21b7b230718a5f08bd32d5e4f1db7fc8788345c8aea1d155fc17852b3410f5 \
    --hash=sha256:c45f8dff244b3c431b36e3224b6be4a127c6aca780853574c00faf99258041eb \
    --hash=sha256:c7ed6668cbbfcd231fa0dc1b137d3e40c04c7f786e626b405c62bcd5db5857e4 \
    --hash=sha256:d7de8d330763c66663661a1ffd432274a2f92f07feeddd89ffd085b5744f85e7 \
    --hash=sha256:e19cb1c6365fd6dc38a6eae2dcb691d7d83935c10215aef8e6c38edee3f77abd \
    --hash=sha256:e2af80566f43c85f5797365077fb64a393861a3730bd110971ab7a0c94e873e7
    # via -r requirements.txt
certifi==2026.2.25 \
    --hash=sha256:027692e4402ad994f1c42e52a4997a9763c646b73e4096e4d5d6db8af1d6f0fa \
    --hash=sha256:e887ab5cee78ea814d3472169153c2d12cd43b14bd03329a39a9c6e2e80bfba7
    # via requests
charset-normalizer==3.4.5 \
    --hash=sha256:014837af6fabf57121b6254fa8ade10dceabc3528b27b721a64bbc7b8b1d4eb4 \
    --hash=sha256:01a1ed54b953303ca7e310fafe0fe347aab348bd81834a0bcd602eb538f89d66 \
    --hash=sha256:0294916d6ccf2d069727d65973c3a1ca477d68708db25fd758dd28b0827cff54 \
    --hash=sha256:02a9d1b01c1e12c27883b0c9349e0bcd9ae92e727ff1a277207e1a262b1cbf05 \
    --hash=sha256:036c079aa08a6a592b82487f97c60b439428320ed1b2ea0b3912e99d30c77765 \
    --hash=sha256:039215608ac7b358c4da0191d10fc76868567fbf276d54c14721bdedeb6de064 \
    --hash=sha256:0625665e4ebdddb553ab185de5db7054393af8879fb0c87bd5690d14379d6819 \
    --hash=sha256:0a45e504f5e1be0bd385935a8e1507c442349ca36f511a47057a71c9d1d6ea9e \
    --hash=sha256:0b362bcd27819f9c07cbf23db4e0e8cd4b44c5ecd900c2ff907b2b92274a7412 \
    --hash=sha256:0c300cefd9b0970381a46394902cd18eaf2aa00163f999590ace991989dcd0fc \
    --hash=sha256:1088345bcc93c58d8d8f3d783eca4a6e7a7752bbff26c3eee7e73c597c191c2e \
    --hash=sha256:10b473fc8dca1c3ad8559985794815f06ca3fc71942c969129070f2c3cdf7281 \
    --hash=sha256:131716d6786ad5e3dc542f5cc6f397ba3339dc0fb87f87ac30e550e8987756af \
    --hash=sha256:14498a429321de554b140013142abe7608f9d8ccc04d7baf2ad60498374aefa2 \
    --hash=sha256:149ec69866c3d6c2fb6f758dbc014ecb09f30b35a5ca90b6a8a2d4e54e18fdfe \
    --hash=sha256:165c7b21d19365464e8f70e5ce5e12524c58b48c78c1f5a57524603c1ab003f8 \
    --hash=sha256:1827734a5b308b65ac54e86a618de66f935a4f63a8a462ff1e19a6788d6c2262 \
    --hash=sha256:19092dde50335accf365cce21998a1c6dd8eafd42c7b226eb54b2747cdce2fac \
    --hash=sha256:1a374cc0b88aa710e8865dc1bd6edb3743c59f27830f0293ab101e4cf3ce9f85 \
    --hash=sha256:1d1401945cb77787dbd3af2446ff2d75912327c4c3a1526ab7955ecf8600687c \
    --hash=sha256:1f2da5cbb9becfcd607757a169e38fb82aa5fd86fae6653dea716e7b613fe2cf \
    --hash=sha256:259cd1ca995ad525f638e131dbcc2353a586564c038fc548a3fe450a91882139 \
    --hash=sha256:2820a98460c83663dd8ec015d9ddfd1e4879f12e06bb7d0500f044fb477d2770 \
    --hash=sha256:28269983f25a4da0425743d0d257a2d6921ea7d9b83599d4039486ec5b9f911d \
    --hash=sha256:2b970382e4a36bed897c19f310f31d7d13489c11b4f468ddfba42d41cddfb918 \
    --hash=sha256:2da4eedcb6338e2321e831a0165759c0c620e37f8cd044a263ff67493be8ffb3 \
    --hash=sha256:30987f4a8ed169983f93e1be8ffeea5214a779e27ed0b059835c7afe96550ad7 \
    --hash=sha256:30a2b1a48478c3428d047ed9690d57c23038dac838a87ad624c85c0a78ebeb39 \
    --hash=sha256:340810d34ef83af92148e96e3e44cb2d3f910d2bf95e5618a5c467d9f102231d \
    --hash=sha256:3f64c6bf8f32f9133b668c7f7a7cbdbc453412bc95ecdbd157f3b1e377a92990 \
    --hash=sha256:4167a621a9a1a986c73777dbc15d4b5eac8ac5c10393374109a343d4013ec765 \
    --hash=sha256:4354e401eb6dab9aed3c7b4030514328a6c748d05e1c3e19175008ca7de84fb1 \
    --hash=sha256:4481e6da1830c8a1cc0b746b47f603b653dadb690bcd851d039ffaefe70533aa \
    --hash=sha256:4b8551b6e6531e156db71193771c93bda78ffc4d1e6372517fe58ad3b91e4659 \
    --hash=sha256:4cd966c2559f501c6fd69294d082c2934c8dd4719deb32c22961a5ac6db0df1d \
    --hash=sha256:50bcbca6603c06a1dcc7b056ed45c37715fb5d2768feb3bcd37d2313c587a5b9 \
    --hash=sha256:530beedcec9b6e027e7a4b6ce26eed36678aa39e17da85e6e03d7bd9e8e9d7c9 \
    --hash=sha256:568e3c34b58422075a1b49575a6abc616d9751b4d61b23f712e12ebb78fe47b2 \
    --hash=sha256:573ef5814c4b7c0d59a7710aa920eaaaef383bd71626aa420fba27b5cab92e8d \
    --hash=sha256:58ad8270cfa5d4bef1bc85bd387217e14ff154d6630e976c6f56f9a040757475 \
    --hash=sha256:597d10dec876923e5c59e48dbd366e852eacb2b806029491d307daea6b917d7c \
    --hash=sha256:5bcb3227c3d9aaf73eaaab1db7ccd80a8995c509ee9941e2aae060ca6e4e5d81 \
    --hash=sha256:5cffde4032a197bd3b42fd0b9509ec60fb70918d6970e4cc773f20fc9180ca67 \
    --hash=sha256:5fea359734b140d0d6741189fea5478c6091b54ffc69d7ce119e0a05637d8c99 \
    --hash=sha256:60d68e820af339df4ae8358c7a2e7596badeb61e544438e489035f9fbf3246a5 \
    --hash=sha256:610f72c0ee565dfb8ae1241b666119582fdbfe7c0975c175be719f940e110694 \
    --hash=sha256:65a126fb4b070d05340a84fc709dd9e7c75d9b063b610ece8a60197a291d0adf \
    --hash=sha256:65b3c403a5b6b8034b655e7385de4f72b7b244869a22b32d4030b99a60593eca \
    --hash=sha256:66dee73039277eb35380d1b82cccc69cc82b13a66f9f4a18da32d573acf02b7c \
    --hash=sha256:708c7acde173eedd4bfa4028484426ba689d2103b28588c513b9db2cd5ecde9c \
    --hash=sha256:728c6a963dfab66ef865f49286e45239384249672cd598576765acc2a640a636 \
    --hash=sha256:754f96058e61a5e22e91483f823e07df16416ce76afa4ebf306f8e1d1296d43f \
    --hash=sha256:75dfd1afe0b1647449e852f4fb428195a7ed0588947218f7ba929f6538487f02 \
    --hash=sha256:75ee9c1cce2911581a70a3c0919d8bccf5b1cbc9b0e5171400ec736b4b569497 \
    --hash=sha256:76a9d0de4d0eab387822e7b35d8f89367dd237c72e82ab42b9f7bf5e15ada00f \
    --hash=sha256:77be992288f720306ab4108fe5c74797de327f3248368dfc7e1a916d6ed9e5a2 \
    --hash=sha256:7ad83b8f9379176c841f8865884f3514d905bcd2a9a3b210eaa446e7d2223e4d \
    --hash=sha256:8197abe5ca1ffb7d91e78360f915eef5addff270f8a71c1fc5be24a56f3e4873 \
    --hash=sha256:82cc7c2ad42faec8b574351f8bc2a0c049043893853317bd9bb309f5aba6cb5a \
    --hash=sha256:8a28afb04baa55abf26df544e3e5c6534245d3daa5178bc4a8eeb48202060d0e \
    --hash=sha256:8b78d8a609a4b82c273257ee9d631ded7fac0d875bdcdccc109f3ee8328cfcb1 \
    --hash=sha256:8ce11cd4d62d11166f2b441e30ace226c19a3899a7cf0796f668fba49a9fb123 \
    --hash=sha256:8fff79bf5978c693c9b1a4d71e4a94fddfb5fe744eb062a318e15f4a2f63a550 \
    --hash=sha256:92263f7eca2f4af326cd20de8d16728d2602f7cfea02e790dcde9d83c365d7cc \
    --hash=sha256:93b3b2cc5cf1b8743660ce77a4f45f3f6d1172068207c1defc779a36eea6bb36 \
    --hash=sha256:95adae7b6c42a6c5b5b559b1a99149f090a57128155daeea91732c8d970d8644 \
    --hash=sha256:97ab7787092eb9b50fb47fa04f24c75b768a606af1bcba1957f07f128a7219e4 \
    --hash=sha256:9db5e3fcdcee89a78c04dffb3fe33c79f77bd741a624946db2591c81b2fc85b0 \
    --hash=sha256:a118e2e0b5ae6b0120d5efa5f866e58f2bb826067a646431da4d6a2bdae7950e \
    --hash=sha256:a2aecdb364b8a1802afdc7f9327d55dad5366bc97d8502d0f5854e50712dbc5f \
    --hash=sha256:a66aa5022bf81ab4b1bebfb009db4fd68e0c6d4307a1ce5ef6a26e5878dfc9e4 \
    --hash=sha256:a68766a3c58fde7f9aaa22b3786276f62ab2f594efb02d0a1421b6282e852e98 \
    --hash=sha256:aa2f963b4da26daf46231d9b9e0e2c9408a751f8f0d0f44d2de56d3caf51d294 \
    --hash=sha256:aa92ec1102eaff840ccd1021478af176a831f1bccb08e526ce844b7ddda85c22 \
    --hash=sha256:ac59c15e3f1465f722607800c68713f9fbc2f672b9eb649fe831da4019ae9b23 \
    --hash=sha256:ae8b03427410731469c4033934cf473426faff3e04b69d2dfb64a4281a3719f8 \
    --hash=sha256:afca7f78067dd27c2b848f1b234623d26b87529296c6c5652168cc1954f2f3b2 \
    --hash=sha256:b2d37d78297b39a9eb9eb92c0f6df98c706467282055419df141389b23f93362 \
    --hash=sha256:b3e71afc578b98512bfe7bdb822dd6bc57d4b0093b4b6e5487c1e96ad4ace242 \
    --hash=sha256:ba20bdf69bd127f66d0174d6f2a93e69045e0b4036dc1ca78e091bcc765830c4 \
    --hash=sha256:c108f8619e504140569ee7de3f97d234f0fbae338a7f9f360455071ef9855a95 \
    --hash=sha256:c23eb3263356d94858655b3e63f85ac5d50970c6e8febcdde7830209139cc37d \
    --hash=sha256:c5af897b45fa606b12464ccbe0014bbf8c09191e0a66aab6aa9d5cf6e77e0c94 \
    --hash=sha256:c7a80a9242963416bd81f99349d5f3fce1843c303bd404f204918b6d75a75fd6 \
    --hash=sha256:c7e84e0c0005e3bdc1a9211cd4e62c78ba80bc37b2365ef4410cd2007a9047f2 \
    --hash=sha256:cace89841c0599d736d3d74a27bc5821288bb47c5441923277afc6059d7fbcb4 \
    --hash=sha256:cd2d0f0ec9aa977a27731a3209ebbcacebebaf41f902bd453a928bfd281cf7f8 \
    --hash=sha256:d01de5e768328646e6a3fa9e562706f8f6641708c115c62588aef2b941a4f88e \
    --hash=sha256:d1028de43596a315e2720a9849ee79007ab742c06ad8b45a50db8cdb7ed4a82a \
    --hash=sha256:d27ce22ec453564770d29d03a9506d449efbb9fa13c00842262b2f6801c48cce \
    --hash=sha256:d29dd9c016f2078b43d0c357511e87eee5b05108f3dd603423cb389b89813969 \
    --hash=sha256:d31f0d1671e1534e395f9eb84a68e0fb670e1edb1fe819a9d7f564ae3bc4e53f \
    --hash=sha256:d4eb8ac7469b2a5d64b5b8c04f84d8bf3ad340f4514b98523805cbf46e3b3923 \
    --hash=sha256:d5e52d127045d6ae01a1e821acfad2f3a1866c54d0e837828538fabe8d9d1bd6 \
    --hash=sha256:d77f97e515688bd615c1d1f795d540f32542d514242067adcb8ef532504cb9ee \
    --hash=sha256:d8ed79b8f6372ca4254955005830fd61c1ccdd8c0fac6603e2c145c61dd95db6 \
    --hash=sha256:dc57a0baa3eeedd99fafaef7511b5a6ef4581494e8168ee086031744e2679467 \
    --hash=sha256:e09f671a54ce70b79a1fc1dc6da3072b7ef7251fadb894ed92d9aa8218465a5f \
    --hash=sha256:e22d1059b951e7ae7c20ef6b06afd10fb95e3c41bf3c4fbc874dba113321c193 \
    --hash=sha256:e37bd100d2c5d3ba35db9c7c5ba5a9228cbcffe5c4778dc824b164e5257813d7 \
    --hash=sha256:e51ae7d81c825761d941962450f50d041db028b7278e7b08930b4541b3e45cb9 \
    --hash=sha256:e545b51da9f9af5c67815ca0eb40676c0f016d0b0381c86f20451e35696c5f95 \
    --hash=sha256:e6302ca4ae283deb0af68d2fbf467474b8b6aedcd3dab4db187e07f94c109763 \
    --hash=sha256:e71bbb595973622b817c042bd943c3f3667e9c9983ce3d205f973f486fec98a7 \
    --hash=sha256:ec56a2266f32bc06ed3c3e2a8f58417ce02f7e0356edc89786e52db13c593c98 \
    --hash=sha256:ed1a9a204f317ef879b32f9af507d47e49cd5e7f8e8d5d96358c98373314fc60 \
    --hash=sha256:ed97c282ee4f994ef814042423a529df9497e3c666dca19be1d4cd1129dc7ade \
    --hash=sha256:ed98364e1c262cf5f9363c3eca8c2df37024f52a8fa1180a3610014f26eac51c \
    --hash=sha256:ee57b926940ba00bca7ba7041e665cc956e55ef482f851b9b65acb20d867e7a2 \
    --hash=sha256:f1d725b754e967e648046f00c4facc42d414840f5ccc670c5670f59f83693e4f \
    --hash=sha256:f8102ae93c0bc863b1d41ea0f4499c20a83229f52ed870850892df555187154a \
    --hash=sha256:fc1c64934b8faf7584924143eb9db4770bbdb16659626e1a1a4d9efbcb68d947 \
    --hash=sha256:ff95a9283de8a457e6b12989de3f9f5193430f375d64297d323a615ea52cbdb3
    # via requests
click==8.3.1 \
    --hash=sha256:12ff4785d337a1bb490bb7e9c2b1ee5da3112e94a8622f26a6c77f5d2fc6842a \
    --hash=sha256:981153a64e25f12d547d3426c367a4857371575ee7ad18df2a6183ab0545b2a6
    # via black
coverage[toml]==7.13.4 \
    --hash=sha256:01d4cbc3c283a17fc1e42d614a119f7f438eabb593391283adca8dc86eff1246 \
    --hash=sha256:02231499b08dabbe2b96612993e5fc34217cdae907a51b906ac7fca8027a4459 \
    --hash=sha256:0dd7ab8278f0d58a0128ba2fca25824321f05d059c1441800e934ff2efa52129 \
    --hash=sha256:0e086334e8537ddd17e5f16a344777c1ab8194986ec533711cbe6c41cde841b6 \
    --hash=sha256:0fc31c787a84f8cd6027eba44010517020e0d18487064cd3d8968941856d1415 \
    --hash=sha256:14375934243ee05f56c45393fe2ce81fe5cc503c07cee2bdf1725fb8bef3ffaf \
    --hash=sha256:1731dc33dc276dafc410a885cbf5992f1ff171393e48a21453b78727d090de80 \
    --hash=sha256:19bc3c88078789f8ef36acb014d7241961dbf883fd2533d18cb1e7a5b4e28b11 \
    --hash=sha256:1af1641e57cf7ba1bd67d677c9abdbcd6cc2ab7da3bca7fa1e2b7e50e65f2ad0 \
    --hash=sha256:1d4be36a5114c499f9f1f9195e95ebf979460dbe2d88e6816ea202010ba1c34b \
    --hash=sha256:200dea7d1e8095cc6e98cdabe3fd1d21ab17d3cee6dab00cadbb2fe35d9c15b9 \
    --hash=sha256:23e3f687cf945070d1c90f85db66d11e3025665d8dafa831301a0e0038f3db9b \
    --hash=sha256:2421d591f8ca05b308cf0092807308b2facbefe54af7c02ac22548b88b95c98f \
    --hash=sha256:245e37f664d89861cf2329c9afa2c1fe9e6d4e1a09d872c947e70718aeeac505 \
    --hash=sha256:25381386e80ae727608e662474db537d4df1ecd42379b5ba33c84633a2b36d47 \
    --hash=sha256:25a41c3104d08edb094d9db0d905ca54d0cd41c928bb6be3c4c799a54753af55 \
    --hash=sha256:296f8b0af861d3970c2a4d8c91d48eb4dd4771bcef9baedec6a9b515d7de3def \
    --hash=sha256:29e3220258d682b6226a9b0925bc563ed9a1ebcff3cad30f043eceea7eaf2689 \
    --hash=sha256:2a09cfa6a5862bc2fc6ca7c3def5b2926194a56b8ab78ffcf617d28911123012 \
    --hash=sha256:2b0f6ccf3dbe577170bebfce1318707d0e8c3650003cb4b3a9dd744575daa8b5 \
    --hash=sha256:2c048ea43875fbf8b45d476ad79f179809c590ec7b79e2035c662e7afa3192e3 \
    --hash=sha256:2cb0f1e000ebc419632bbe04366a8990b6e32c4e0b51543a6484ffe15eaeda95 \
    --hash=sha256:2fa8d5f8de70688a28240de9e139fa16b153cc3cbb01c5f16d88d6505ebdadf9 \
    --hash=sha256:300deaee342f90696ed186e3a00c71b5b3d27bffe9e827677954f4ee56969601 \
    --hash=sha256:30b8d0512f2dc8c8747557e8fb459d6176a2c9e5731e2b74d311c03b78451997 \
    --hash=sha256:33901f604424145c6e9c2398684b92e176c0b12df77d52db81c20abd48c3794c \
    --hash=sha256:3599eb3992d814d23b35c536c28df1a882caa950f8f507cef23d1cbf334995ac \
    --hash=sha256:391ee8f19bef69210978363ca930f7328081c6a0152f1166c91f0b5fdd2a773c \
    --hash=sha256:3998e5a32e62fdf410c0dbd3115df86297995d6e3429af80b8798aad894ca7aa \
    --hash=sha256:3c06f0f1337c667b971ca2f975523347e63ec5e500b9aa5882d91931cd3ef750 \
    --hash=sha256:40aa8808140e55dc022b15d8aa7f651b6b3d68b365ea0398f1441e0b04d859c3 \
    --hash=sha256:40d74da8e6c4b9ac18b15331c4b5ebc35a17069410cad462ad4f40dcd2d50c0d \
    --hash=sha256:4223b4230a376138939a9173f1bdd6521994f2aff8047fae100d6d94d50c5a12 \
    --hash=sha256:48685fee12c2eb3b27c62f2658e7ea21e9c3239cba5a8a242801a0a3f6a8c62a \
    --hash=sha256:4c7d3cc01e7350f2f0f6f7036caaf5673fb56b6998889ccfe9e1c1fe75a9c932 \
    --hash=sha256:4e83efc079eb39480e6346a15a1bcb3e9b04759c5202d157e1dd4303cd619356 \
    --hash=sha256:4fc7fa81bbaf5a02801b65346c8b3e657f1d93763e58c0abdf7c992addd81a92 \
    --hash=sha256:53d133df809c743eb8bce33b24bcababb371f4441340578cd406e084d94a6148 \
    --hash=sha256:590c0ed4bf8e85f745e6b805b2e1c457b2e33d5255dd9729743165253bc9ad39 \
    --hash=sha256:5b856a8ccf749480024ff3bd7310adaef57bf31fd17e1bfc404b7940b6986634 \
    --hash=sha256:65dfcbe305c3dfe658492df2d85259e0d79ead4177f9ae724b6fb245198f55d6 \
    --hash=sha256:6f01afcff62bf9a08fb32b2c1d6e924236c0383c02c790732b6537269e466a72 \
    --hash=sha256:6fdef321fdfbb30a197efa02d48fcd9981f0d8ad2ae8903ac318adc653f5df98 \
    --hash=sha256:71ca20079dd8f27fcf808817e281e90220475cd75115162218d0e27549f95fef \
    --hash=sha256:725d985c5ab621268b2edb8e50dfe57633dc69bda071abc470fed55a14935fd3 \
    --hash=sha256:75eab1ebe4f2f64d9509b984f9314d4aa788540368218b858dad56dc8f3e5eb9 \
    --hash=sha256:75fcd519f2a5765db3f0e391eb3b7d150cce1a771bf4c9f861aeab86c767a3c0 \
    --hash=sha256:76451d1978b95ba6507a039090ba076105c87cc76fc3efd5d35d72093964d49a \
    --hash=sha256:784fc3cf8be001197b652d51d3fd259b1e2262888693a4636e18879f613a62a9 \
    --hash=sha256:78cdf0d578b15148b009ccf18c686aa4f719d887e76e6b40c38ffb61d264a552 \
    --hash=sha256:79be69cf7f3bf9b0deeeb062eab7ac7f36cd4cc4c4dd694bd28921ba4d8596cc \
    --hash=sha256:79e73a76b854d9c6088fe5d8b2ebe745f8681c55f7397c3c0a016192d681045f \
    --hash=sha256:7b322db1284a2ed3aa28ffd8ebe3db91c929b7a333c0820abec3d838ef5b3525 \
    --hash=sha256:7d41eead3cc673cbd38a4417deb7fd0b4ca26954ff7dc6078e33f6ff97bed940 \
    --hash=sha256:7eda778067ad7ffccd23ecffce537dface96212576a07924cbf0d8799d2ded5a \
    --hash=sha256:7f57b33491e281e962021de110b451ab8a24182589be17e12a22c79047935e23 \
    --hash=sha256:8041b6c5bfdc03257666e9881d33b1abc88daccaf73f7b6340fb7946655cd10f \
    --hash=sha256:8248977c2e33aecb2ced42fef99f2d319e9904a36e55a8a68b69207fb7e43edc \
    --hash=sha256:845f352911777a8e722bfce168958214951e07e47e5d5d9744109fa5fe77f79b \
    --hash=sha256:85480adfb35ffc32d40918aad81b89c69c9cc5661a9b8a81476d3e645321a056 \
    --hash=sha256:8e264226ec98e01a8e1054314af91ee6cde0eacac4f465cc93b03dbe0bce2fd7 \
    --hash=sha256:8e798c266c378da2bd819b0677df41ab46d78065fb2a399558f3f6cae78b2fbb \
    --hash=sha256:9181a3ccead280b828fae232df12b16652702b49d41e99d657f46cc7b1f6ec7a \
    --hash=sha256:9351229c8c8407645840edcc277f4a2d44814d1bc34a2128c11c2a031d45a5dd \
    --hash=sha256:93550784d9281e374fb5a12bf1324cc8a963fd63b2d2f223503ef0fd4aa339ea \
    --hash=sha256:9401ebc7ef522f01d01d45532c68c5ac40fb27113019b6b7d8b208f6e9baa126 \
    --hash=sha256:94eb63f9b363180aff17de3e7c8760c3ba94664ea2695c52f10111244d16a299 \
    --hash=sha256:9d107aff57a83222ddbd8d9ee705ede2af2cc926608b57abed8ef96b50b7e8f9 \
    --hash=sha256:a32ebc02a1805adf637fc8dec324b5cdacd2e493515424f70ee33799573d661b \
    --hash=sha256:a3aa4e7b9e416774b21797365b358a6e827ffadaaca81b69ee02946852449f00 \
    --hash=sha256:a6f94a7d00eb18f1b6d403c91a88fd58cfc92d4b16080dfdb774afc8294469bf \
    --hash=sha256:aa3feb8db2e87ff5e6d00d7e1480ae241876286691265657b500886c98f38bda \
    --hash=sha256:ad27098a189e5838900ce4c2a99f2fe42a0bf0c2093c17c69b45a71579e8d4a2 \
    --hash=sha256:ae4578f8528569d3cf303fef2ea569c7f4c4059a38c8667ccef15c6e1f118aa5 \
    --hash=sha256:b1ec7b6b6e93255f952e27ab58fbc68dcc468844b16ecbee881aeb29b6ab4d8d \
    --hash=sha256:b507778ae8a4c915436ed5c2e05b4a6cecfa70f734e19c22a005152a11c7b6a9 \
    --hash=sha256:b66a2da594b6068b48b2692f043f35d4d3693fb639d5ea8b39533c2ad9ac3ab9 \
    --hash=sha256:b720ce6a88a2755f7c697c23268ddc47a571b88052e6b155224347389fdf6a3b \
    --hash=sha256:b7b38448866e83176e28086674fe7368ab8590e4610fb662b44e345b86d63ffa \
    --hash=sha256:b8eb931ee8e6d8243e253e5ed7336deea6904369d2fd8ae6e43f68abbf167092 \
    --hash=sha256:bb28c0f2cf2782508a40cec377935829d5fcc3ad9a3681375af4e84eb34b6b58 \
    --hash=sha256:bd60d4fe2f6fa7dff9223ca1bbc9f05d2b6697bc5961072e5d3b952d46e1b1ea \
    --hash=sha256:c35eb28c1d085eb7d8c9b3296567a1bebe03ce72962e932431b9a61f28facf26 \
    --hash=sha256:c4240e7eded42d131a2d2c4dec70374b781b043ddc79a9de4d55ca71f8e98aea \
    --hash=sha256:caa421e2684e382c5d8973ac55e4f36bed6821a9bad5c953494de960c74595c9 \
    --hash=sha256:d490ba50c3f35dd7c17953c68f3270e7ccd1c6642e2d2afe2d8e720b98f5a053 \
    --hash=sha256:d65b2d373032411e86960604dc4edac91fdfb5dca539461cf2cbe78327d1e64f \
    --hash=sha256:dae88bc0fc77edaa65c14be099bd57ee140cf507e6bfdeea7938457ab387efb0 \
    --hash=sha256:de6defc1c9badbf8b9e67ae90fd00519186d6ab64e5cc5f3d21359c2a9b2c1d3 \
    --hash=sha256:e101609bcbbfb04605ea1027b10dc3735c094d12d40826a60f897b98b1c30256 \
    --hash=sha256:e24f9156097ff9dc286f2f913df3a7f63c0e333dcafa3c196f2c18b4175ca09a \
    --hash=sha256:e2f25215f1a359ab17320b47bcdaca3e6e6356652e8256f2441e4ef972052903 \
    --hash=sha256:e5c8f6ed1e61a8b2dcdf31eb0b9bbf0130750ca79c1c49eb898e2ad86f5ccc91 \
    --hash=sha256:e6f70dec1cc557e52df5306d051ef56003f74d56e9c4dd7ddb07e07ef32a84dd \
    --hash=sha256:e856bf6616714c3a9fbc270ab54103f4e685ba236fa98c054e8f87f266c93505 \
    --hash=sha256:e87f6c587c3f34356c3759f0420693e35e7eb0e2e41e4c011cb6ec6ecbbf1db7 \
    --hash=sha256:eb30bf180de3f632cd043322dad5751390e5385108b2807368997d1a92a509d0 \
    --hash=sha256:eb88b316ec33760714a4720feb2816a3a59180fd58c1985012054fa7aebee4c2 \
    --hash=sha256:eb9078108fbf0bcdde37c3f4779303673c2fa1fe8f7956e68d447d0dd426d38a \
    --hash=sha256:ecae9737b72408d6a950f7e525f30aca12d4bd8dd95e37342e5beb3a2a8c4f71 \
    --hash=sha256:ee756f00726693e5ba94d6df2bdfd64d4852d23b09bb0bc700e3b30e6f333985 \
    --hash=sha256:f4594c67d8a7c89cf922d9df0438c7c7bb022ad506eddb0fdb2863359ff78242 \
    --hash=sha256:f53d492307962561ac7de4cd1de3e363589b000ab69617c6156a16ba7237998d \
    --hash=sha256:fb07dc5da7e849e2ad31a5d74e9bece81f30ecf5a42909d0a695f8bd1874d6af \
    --hash=sha256:fb26a934946a6afe0e326aebe0730cdff393a8bc0bbb65a2f41e30feddca399c \
    --hash=sha256:fdfc1e28e7c7cdce44985b3043bc13bbd9c747520f94a4d7164af8260b3d91f0
    # via pytest-cov
flake8==7.0.0 \
    --hash=sha256:33f96621059e65eec474169085dc92bf26e7b2d47366b70be2f67ab80dc25132 \
    --hash=sha256:a6dfbb75e03252917f2473ea9653f7cd799c3064e54d4c8140044c5c065f53c3
    # via -r requirements.txt
idna==3.11 \
    --hash=sha256:771a87f49d9defaf64091e6e6fe9c18d4833f140bd19464795bc32d966ca37ea \
    --hash=sha256:795dafcc9c04ed0c1fb032c2aa73654d8e8c5023a7df64a53f39190ada629902
    # via requests
iniconfig==2.3.0 \
    --hash=sha256:c76315c77db068650d49c5b56314774a7804df16fee4402c1f19d6d15d8c4730 \
    --hash=sha256:f631c04d2c48c52b84d0d0549c99ff3859c98df65b3101406327ecc7d53fbf12
    # via pytest
isort==5.13.2 \
    --hash=sha256:48fdfcb9face5d58a4f6dde2e72a1fb8dcaf8ab26f95ab49fab84c2ddefb0109 \
    --hash=sha256:8ca5e72a8d85860d5a3fa69b8745237f2939afe12dbf656afbcb47fe72d947a6
    # via -r requirements.txt
mccabe==0.7.0 \
    --hash=sha256:348e0240c33b60bbdf4e523192ef919f28cb2c3d7d5c7794f74009290f236325 \
    --hash=sha256:6c2d30ab6be0e4a46919781807b4f0d834ebdd6c6e3dca0bda5a15f863427b6e
    # via flake8
mypy==1.8.0 \
    --hash=sha256:028cf9f2cae89e202d7b6593cd98db6759379f17a319b5faf4f9978d7084cdc6 \
    --hash=sha256:2afecd6354bbfb6e0160f4e4ad9ba6e4e003b767dd80d85516e71f2e955ab50d \
    --hash=sha256:2b5b6c721bd4aabaadead3a5e6fa85c11c6c795e0c81a7215776ef8afc66de02 \
    --hash=sha256:42419861b43e6962a649068a61f4a4839205a3ef525b858377a960b9e2de6e0d \
    --hash=sha256:42c6680d256ab35637ef88891c6bd02514ccb7e1122133ac96055ff458f93fc3 \
    --hash=sha256:485a8942f671120f76afffff70f259e1cd0f0cfe08f81c05d8816d958d4577d3 \
    --hash=sha256:4c886c6cce2d070bd7df4ec4a05a13ee20c0aa60cb587e8d1265b6c03cf91da3 \
    --hash=sha256:4e6d97288757e1ddba10dd9549ac27982e3e74a49d8d0179fc14d4365c7add66 \
    --hash=sha256:4ef4be7baf08a203170f29e89d79064463b7fc7a0908b9d0d5114e8009c3a259 \
    --hash=sha256:51720c776d148bad2372ca21ca29256ed483aa9a4cdefefcef49006dff2a6835 \
    --hash=sha256:52825b01f5c4c1c4eb0db253ec09c7aa17e1a7304d247c48b6f3599ef40db8bd \
    --hash=sha256:538fd81bb5e430cc1381a443971c0475582ff9f434c16cd46d2c66763ce85d9d \
    --hash=sha256:5c1538c38584029352878a0466f03a8ee7547d7bd9f641f57a0f3017a7c905b8 \
    --hash=sha256:6ff8b244d7085a0b425b56d327b480c3b29cafbd2eff27316a004f9a7391ae07 \
    --hash=sha256:7178def594014aa6c35a8ff411cf37d682f428b3b5617ca79029d8ae72f5402b \
    --hash=sha256:720a5ca70e136b675af3af63db533c1c8c9181314d207568bbe79051f122669e \
    --hash=sha256:7f1478736fcebb90f97e40aff11a5f253af890c845ee0c850fe80aa060a267c6 \
    --hash=sha256:855fe27b80375e5c5878492f0729540db47b186509c98dae341254c8f45f42ae \
    --hash=sha256:8963b83d53ee733a6e4196954502b33567ad07dfd74851f32be18eb932fb1cb9 \
    --hash=sha256:9261ed810972061388918c83c3f5cd46079d875026ba97380f3e3978a72f503d \
    --hash=sha256:99b00bc72855812a60d253420d8a2eae839b0afa4938f09f4d2aa9bb4654263a \
    --hash=sha256:ab3c84fa13c04aeeeabb2a7f67a25ef5d77ac9d6486ff33ded762ef353aa5592 \
    --hash=sha256:afe3fe972c645b4632c563d3f3eff1cdca2fa058f730df2b93a35e3b0c538218 \
    --hash=sha256:d19c413b3c07cbecf1f991e2221746b0d2a9410b59cb3f4fb9557f0365a1a817 \
    --hash=sha256:df9824ac11deaf007443e7ed2a4a26bebff98d2bc43c6da21b2b64185da011c4 \
    --hash=sha256:e46f44b54ebddbeedbd3d5b289a893219065ef805d95094d16a0af6630f5d410 \
    --hash=sha256:f5ac9a4eeb1ec0f1ccdc6f326bcdb464de5f80eb07fb38b5ddd7b0de6bc61e55
    # via -r requirements.txt
mypy-extensions==1.1.0 \
    --hash=sha256:1be4cccdb0f2482337c4743e60421de3a356cd97508abadd57d47403e94f5505 \
    --hash=sha256:52e68efc3284861e772bbcd66823fde5ae21fd2fdb51c62a211403730b916558
    # via
    #   black
    #   mypy
numpy==1.26.3 \
    --hash=sha256:02f98011ba4ab17f46f80f7f8f1c291ee7d855fcef0a5a98db80767a468c85cd \
    --hash=sha256:0b7e807d6888da0db6e7e75838444d62495e2b588b99e90dd80c3459594e857b \
    --hash=sha256:12c70ac274b32bc00c7f61b515126c9205323703abb99cd41836e8125ea0043e \
    --hash=sha256:1666f634cb3c80ccbd77ec97bc17337718f56d6658acf5d3b906ca03e90ce87f \
    --hash=sha256:18c3319a7d39b2c6a9e3bb75aab2304ab79a811ac0168a671a62e6346c29b03f \
    --hash=sha256:211ddd1e94817ed2d175b60b6374120244a4dd2287f4ece45d49228b4d529178 \
    --hash=sha256:21a9484e75ad018974a2fdaa216524d64ed4212e418e0a551a2d83403b0531d3 \
    --hash=sha256:39763aee6dfdd4878032361b30b2b12593fb445ddb66bbac802e2113eb8a6ac4 \
    --hash=sha256:3c67423b3703f8fbd90f5adaa37f85b5794d3366948efe9a5190a5f3a83fc34e \
    --hash=sha256:46f47ee566d98849323f01b349d58f2557f02167ee301e5e28809a8c0e27a2d0 \
    --hash=sha256:51c7f1b344f302067b02e0f5b5d2daa9ed4a721cf49f070280ac202738ea7f00 \
    --hash=sha256:5f24750ef94d56ce6e33e4019a8a4d68cfdb1ef661a52cdaee628a56d2437419 \
    --hash=sha256:697df43e2b6310ecc9d95f05d5ef20eacc09c7c4ecc9da3f235d39e71b7da1e4 \
    --hash=sha256:6d45b3ec2faed4baca41c76617fcdcfa4f684ff7a151ce6fc78ad3b6e85af0a6 \
    --hash=sha256:77810ef29e0fb1d289d225cabb9ee6cf4d11978a00bb99f7f8ec2132a84e0166 \
    --hash=sha256:7ca4f24341df071877849eb2034948459ce3a07915c2734f1abb4018d9c49d7b \
    --hash=sha256:7f784e13e598e9594750b2ef6729bcd5a47f6cfe4a12cca13def35e06d8163e3 \
    --hash=sha256:806dd64230dbbfaca8a27faa64e2f414bf1c6622ab78cc4264f7f5f028fee3bf \
    --hash=sha256:867e3644e208c8922a3be26fc6bbf112a035f50f0a86497f98f228c50c607bb2 \
    --hash=sha256:8c66d6fec467e8c0f975818c1796d25c53521124b7cfb760114be0abad53a0a2 \
    --hash=sha256:8ed07a90f5450d99dad60d3799f9c03c6566709bd53b497eb9ccad9a55867f36 \
    --hash=sha256:9bc6d1a7f8cedd519c4b7b1156d98e051b726bf160715b769106661d567b3f03 \
    --hash=sha256:9e1591f6ae98bcfac2a4bbf9221c0b92ab49762228f38287f6eeb5f3f55905ce \
    --hash=sha256:9e87562b91f68dd8b1c39149d0323b42e0082db7ddb8e934ab4c292094d575d6 \
    --hash=sha256:a7081fd19a6d573e1a05e600c82a1c421011db7935ed0d5c483e9dd96b99cf13 \
    --hash=sha256:a8474703bffc65ca15853d5fd4d06b18138ae90c17c8d12169968e998e448bb5 \
    --hash=sha256:af36e0aa45e25c9f57bf684b1175e59ea05d9a7d3e8e87b7ae1a1da246f2767e \
    --hash=sha256:b1240f767f69d7c4c8a29adde2310b871153df9b26b5cb2b54a561ac85146485 \
    --hash=sha256:b4d362e17bcb0011738c2d83e0a65ea8ce627057b2fdda37678f4374a382a137 \
    --hash=sha256:b831295e5472954104ecb46cd98c08b98b49c69fdb7040483aff799a755a7374 \
    --hash=sha256:b8c275f0ae90069496068c714387b4a0eba5d531aace269559ff2b43655edd58 \
    --hash=sha256:bdd2b45bf079d9ad90377048e2747a0c82351989a2165821f0c96831b4a2a54b \
    --hash=sha256:cc0743f0302b94f397a4a65a660d4cd24267439eb16493fb3caad2e4389bccbb \
    --hash=sha256:da4b0c6c699a0ad73c810736303f7fbae483bcb012e38d7eb06a5e3b432c981b \
    --hash=sha256:f25e2811a9c932e43943a2615e65fc487a0b6b49218899e62e426e7f0a57eeda \
    --hash=sha256:f73497e8c38295aaa4741bdfa4fda1a5aedda5473074369eca10626835445511
    # via
    #   -r requirements.txt
    #   pandas
packaging==26.0 \
    --hash=sha256:00243ae351a257117b6a241061796684b084ed1c516a08c48a3f7e147a9d80b4 \
    --hash=sha256:b36f1fef9334a5588b4166f8bcd26a14e521f2b55e6b9de3aaa80d3ff7a37529
    # via
    #   black
    #   pytest
pandas==2.1.4 \
    --hash=sha256:00028e6737c594feac3c2df15636d73ace46b8314d236100b57ed7e4b9ebe8d9 \
    --hash=sha256:0aa6e92e639da0d6e2017d9ccff563222f4eb31e4b2c3cf32a2a392fc3103c0d \
    --hash=sha256:1ebfd771110b50055712b3b711b51bee5d50135429364d0498e1213a7adc2be8 \
    --hash=sha256:294d96cfaf28d688f30c918a765ea2ae2e0e71d3536754f4b6de0ea4a496d034 \
    --hash=sha256:3f06bda01a143020bad20f7a85dd5f4a1600112145f126bc9e3e42077c24ef34 \
    --hash=sha256:426dc0f1b187523c4db06f96fb5c8d1a845e259c99bda74f7de97bd8a3bb3139 \
    --hash=sha256:45d63d2a9b1b37fa6c84a68ba2422dc9ed018bdaa668c7f47566a01188ceeec1 \
    --hash=sha256:482d5076e1791777e1571f2e2d789e940dedd927325cc3cb6d0800c6304082f6 \
    --hash=sha256:6b728fb8deba8905b319f96447a27033969f3ea1fea09d07d296c9030ab2ed1d \
    --hash=sha256:8a706cfe7955c4ca59af8c7a0517370eafbd98593155b48f10f9811da440248b \
    --hash=sha256:8ea107e0be2aba1da619cc6ba3f999b2bfc9669a83554b1904ce3dd9507f0860 \
    --hash=sha256:ab5796839eb1fd62a39eec2916d3e979ec3130509930fea17fe6f81e18108f6a \
    --hash=sha256:b0513a132a15977b4a5b89aabd304647919bc2169eac4c8536afb29c07c23540 \
    --hash=sha256:b7d852d16c270e4331f6f59b3e9aa23f935f5c4b0ed2d0bc77637a8890a5d092 \
    --hash=sha256:bd7d5f2f54f78164b3d7a40f33bf79a74cdee72c31affec86bfcabe7e0789821 \
    --hash=sha256:bdec823dc6ec53f7a6339a0e34c68b144a7a1fd28d80c260534c39c62c5bf8c9 \
    --hash=sha256:d2d3e7b00f703aea3945995ee63375c61b2e6aa5aa7871c5d622870e5e137623 \
    --hash=sha256:d65148b14788b3758daf57bf42725caa536575da2b64df9964c563b015230984 \
    --hash=sha256:d797591b6846b9db79e65dc2d0d48e61f7db8d10b2a9480b4e3faaddc421a171 \
    --hash=sha256:dc9bf7ade01143cddc0074aa6995edd05323974e6e40d9dbde081021ded8510e \
    --hash=sha256:e9f17f2b6fc076b2a0078862547595d66244db0f41bf79fc5f64a5c4d635bead \
    --hash=sha256:edbaf9e8d3a63a9276d707b4d25930a262341bca9874fcb22eff5e3da5394732 \
    --hash=sha256:f237e6ca6421265643608813ce9793610ad09b40154a3344a088159590469e46 \
    --hash=sha256:f69b0c9bb174a2342818d3e2778584e18c740d56857fc5cdb944ec8bbe4082cf \
    --hash=sha256:fcb68203c833cc735321512e13861358079a96c174a61f5116a1de89c58c0ef7
    # via -r requirements.txt
pathspec==1.0.4 \
    --hash=sha256:0210e2ae8a21a9137c0d470578cb0e595af87edaa6ebf12ff176f14a02e0e645 \
    --hash=sha256:fb6ae2fd4e7c921a165808a552060e722767cfa526f99ca5156ed2ce45a5c723
    # via black
platformdirs==4.9.4 \
    --hash=sha256:1ec356301b7dc906d83f371c8f487070e99d3ccf9e501686456394622a01a934 \
    --hash=sha256:68a9a4619a666ea6439f2ff250c12a853cd1cbd5158d258bd824a7df6be2f868
    # via black
pluggy==1.6.0 \
    --hash=sha256:7dcc130b76258d33b90f61b658791dede3486c3e6bfb003ee5c9bfb396dd22f3 \
    --hash=sha256:e920276dd6813095e9377c0bc5566d94c932c33b27a3e3945d8389c374dd4746
    # via pytest
pycodestyle==2.11.1 \
    --hash=sha256:41ba0e7afc9752dfb53ced5489e89f8186be00e599e712660695b7a75ff2663f \
    --hash=sha256:44fe31000b2d866f2e41841b18528a505fbd7fef9017b04eff4e2648a0fadc67
    # via flake8
pyflakes==3.2.0 \
    --hash=sha256:1c61603ff154621fb2a9172037d84dca3500def8c8b630657d1701f026f8af3f \
    --hash=sha256:84b5be138a2dfbb40689ca07e2152deb896a65c3a3e24c251c5c62489568074a
    # via flake8
pytest==7.4.4 \
    --hash=sha256:2cf0005922c6ace4a3e2ec8b4080eb0d9753fdc93107415332f50ce9e7994280 \
    --hash=sha256:b090cdf5ed60bf4c45261be03239c2c1c22df034fbffe691abe93cd80cea01d8
    # via
    #   -r requirements.txt
    #   pytest-cov
    #   pytest-timeout
pytest-cov==4.1.0 \
    --hash=sha256:3904b13dfbfec47f003b8e77fd5b589cd11904a21ddf1ab38a64f204d6a10ef6 \
    --hash=sha256:6ba70b9e97e69fcc3fb45bfeab2d0a138fb65c4d0d6a41ef33983ad114be8c3a
    # via -r requirements.txt
pytest-timeout==2.2.0 \
    --hash=sha256:3b0b95dabf3cb50bac9ef5ca912fa0cfc286526af17afc806824df20c2f72c90 \
    --hash=sha256:bde531e096466f49398a59f2dde76fa78429a09a12411466f88a07213e220de2
    # via -r requirements.txt
python-dateutil==2.9.0.post0 \
    --hash=sha256:37dd54208da7e1cd875388217d5e00ebd4179249f90fb72437e91a35459a0ad3 \
    --hash=sha256:a8b2bc7bffae282281c8140a97d3aa9c14da0b136dfe83f850eea9a5f7470427
    # via pandas
pytz==2026.1.post1 \
    --hash=sha256:3378dde6a0c3d26719182142c56e60c7f9af7e968076f31aae569d72a0358ee1 \
    --hash=sha256:f2fd16142fda348286a75e1a524be810bb05d444e5a081f37f7affc635035f7a
    # via pandas
pyyaml==6.0.1 \
    --hash=sha256:04ac92ad1925b2cff1db0cfebffb6ffc43457495c9b3c39d3fcae417d7125dc5 \
    --hash=sha256:062582fca9fabdd2c8b54a3ef1c978d786e0f6b3a1510e0ac93ef59e0ddae2bc \
    --hash=sha256:0d3304d8c0adc42be59c5f8a4d9e3d7379e6955ad754aa9d6ab7a398b59dd1df \
    --hash=sha256:1635fd110e8d85d55237ab316b5b011de701ea0f29d07611174a1b42f1444741 \
    --hash=sha256:184c5108a2aca3c5b3d3bf9395d50893a7ab82a38004c8f61c258d4428e80206 \
    --hash=sha256:18aeb1bf9a78867dc38b259769503436b7c72f7a1f1f4c93ff9a17de54319b27 \
    --hash=sha256:1d4c7e777c441b20e32f52bd377e0c409713e8bb1386e1099c2415f26e479595 \
    --hash=sha256:1e2722cc9fbb45d9b87631ac70924c11d3a401b2d7f410cc0e3bbf249f2dca62 \
    --hash=sha256:1fe35611261b29bd1de0070f0b2f47cb6ff71fa6595c077e42bd0c419fa27b98 \
    --hash=sha256:28c119d996beec18c05208a8bd78cbe4007878c6dd15091efb73a30e90539696 \
    --hash=sha256:326c013efe8048858a6d312ddd31d56e468118ad4cdeda36c719bf5bb6192290 \
    --hash=sha256:40df9b996c2b73138957fe23a16a4f0ba614f4c0efce1e9406a184b6d07fa3a9 \
    --hash=sha256:42f8152b8dbc4fe7d96729ec2b99c7097d656dc1213a3229ca5383f973a5ed6d \
    --hash=sha256:49a183be227561de579b4a36efbb21b3eab9651dd81b1858589f796549873dd6 \
    --hash=sha256:4fb147e7a67ef577a588a0e2c17b6db51dda102c71de36f8549b6816a96e1867 \
    --hash=sha256:50550eb667afee136e9a77d6dc71ae76a44df8b3e51e41b77f6de2932bfe0f47 \
    --hash=sha256:510c9deebc5c0225e8c96813043e62b680ba2f9c50a08d3724c7f28a747d1486 \
    --hash=sha256:5773183b6446b2c99bb77e77595dd486303b4faab2b086e7b17bc6bef28865f6 \
    --hash=sha256:596106435fa6ad000c2991a98fa58eeb8656ef2325d7e158344fb33864ed87e3 \
    --hash=sha256:6965a7bc3cf88e5a1c3bd2e0b5c22f8d677dc88a455344035f03399034eb3007 \
    --hash=sha256:69b023b2b4daa7548bcfbd4aa3da05b3a74b772db9e23b982788168117739938 \
    --hash=sha256:6c22bec3fbe2524cde73d7ada88f6566758a8f7227bfbf93a408a9d86bcc12a0 \
    --hash=sha256:704219a11b772aea0d8ecd7058d0082713c3562b4e271b849ad7dc4a5c90c13c \
    --hash=sha256:7e07cbde391ba96ab58e532ff4803f79c4129397514e1413a7dc761ccd755735 \
    --hash=sha256:81e0b275a9ecc9c0c0c07b4b90ba548307583c125f54d5b6946cfee6360c733d \
    --hash=sha256:855fb52b0dc35af121542a76b9a84f8d1cd886ea97c84703eaa6d88e37a2ad28 \
    --hash=sha256:8d4e9c88387b0f5c7d5f281e55304de64cf7f9c0021a3525bd3b1c542da3b0e4 \
    --hash=sha256:9046c58c4395dff28dd494285c82ba00b546adfc7ef001486fbf0324bc174fba \
    --hash=sha256:9eb6caa9a297fc2c2fb8862bc5370d0303ddba53ba97e71f08023b6cd73d16a8 \
    --hash=sha256:a08c6f0fe150303c1c6b71ebcd7213c2858041a7e01975da3a99aed1e7a378ef \
    --hash=sha256:a0cd17c15d3bb3fa06978b4e8958dcdc6e0174ccea823003a106c7d4d7899ac5 \
    --hash=sha256:afd7e57eddb1a54f0f1a974bc4391af8bcce0b444685d936840f125cf046d5bd \
    --hash=sha256:b1275ad35a5d18c62a7220633c913e1b42d44b46ee12554e5fd39c70a243d6a3 \
    --hash=sha256:b786eecbdf8499b9ca1d697215862083bd6d2a99965554781d0d8d1ad31e13a0 \
    --hash=sha256:ba336e390cd8e4d1739f42dfe9bb83a3cc2e80f567d8805e11b46f4a943f5515 \
    --hash=sha256:baa90d3f661d43131ca170712d903e6295d1f7a0f595074f151c0aed377c9b9c \
    --hash=sha256:bc1bf2925a1ecd43da378f4db9e4f799775d6367bdb94671027b73b393a7c42c \
    --hash=sha256:bd4af7373a854424dabd882decdc5579653d7868b8fb26dc7d0e99f823aa5924 \
    --hash=sha256:bf07ee2fef7014951eeb99f56f39c9bb4af143d8aa3c21b1677805985307da34 \
    --hash=sha256:bfdf460b1736c775f2ba9f6a92bca30bc2095067b8a9d77876d1fad6cc3b4a43 \
    --hash=sha256:c8098ddcc2a85b61647b2590f825f3db38891662cfc2fc776415143f599bb859 \
    --hash=sha256:d2b04aac4d386b172d5b9692e2d2da8de7bfb6c387fa4f801fbf6fb2e6ba4673 \
    --hash=sha256:d483d2cdf104e7c9fa60c544d92981f12ad66a457afae824d146093b8c294c54 \
    --hash=sha256:d858aa552c999bc8a8d57426ed01e40bef403cd8ccdd0fc5f6f04a00414cac2a \
    --hash=sha256:e7d73685e87afe9f3b36c799222440d6cf362062f78be1013661b00c5c6f678b \
    --hash=sha256:f003ed9ad21d6a4713f0a9b5a7a0a79e08dd0f221aff4525a2be4c346ee60aab \
    --hash=sha256:f22ac1c3cac4dbc50079e965eba2c1058622631e526bd9afd45fedd49ba781fa \
    --hash=sha256:faca3bdcf85b2fc05d06ff3fbc1f83e1391b3e724afa3feba7d13eeab355484c \
    --hash=sha256:fca0e3a251908a499833aa292323f32437106001d436eca0e6e7833256674585 \
    --hash=sha256:fd1592b3fdf65fff2ad0004b5e363300ef59ced41c2e6b3a99d4089fa8c5435d \
    --hash=sha256:fd66fc5d0da6d9815ba2cebeb4205f95818ff4b79c3ebe268e75d961704af52f
    # via -r requirements.txt
requests==2.32.4 \
    --hash=sha256:27babd3cda2a6d50b30443204ee89830707d396671944c998b5975b031ac2b2c \
    --hash=sha256:27d0316682c8a29834d3264820024b62a36942083d52caf2f14c0591336d3422
    # via -r requirements.txt
six==1.17.0 \
    --hash=sha256:4721f391ed90541fddacab5acf947aa0d3dc7d27b2e1e8eda2be8970586c3274 \
    --hash=sha256:ff70335d468e7eb6ec65b95b99d3a2836546063f63acc5171de367e834932a81
    # via python-dateutil
typing-extensions==4.15.0 \
    --hash=sha256:0cea48d173cc12fa28ecabc3b837ea3cf6f38c6d1136f85cbaaf598984861466 \
    --hash=sha256:f0fa19c6845758ab08074a0cfa8b7aecb71c999ca73d62883bc25cc018c4e548
    # via mypy
tzdata==2025.3 \
    --hash=sha256:06a47e5700f3081aab02b2e513160914ff0694bce9947d6b76ebd6bf57cfc5d1 \
    --hash=sha256:de39c2ca5dc7b0344f2eba86f49d614019d29f060fc4ebc8a417896a620b56a7
    # via pandas
urllib3==2.6.3 \
    --hash=sha256:1b62b6884944a57dbe321509ab94fd4d3b307075e0c2eae991ac71ee15ad38ed \
    --hash=sha256:bf272323e553dfb2e87d9bfd225ca7b0f467b919d7bbd355436d3fd37cb0acd4
    # via requests
